PackratFormat: 1.4
PackratVersion: 0.4.9.3
RVersion: 3.4.2
Repos: CRAN=https://cloud.r-project.org,
    CRANextra=http://www.stats.ox.ac.uk/pub/RWin

Package: BH
Source: CRAN
Version: 1.66.0-1
Hash: 4cc8883584b955ed01f38f68bc03af6d

Package: DBI
Source: CRAN
Version: 1.0.0
Hash: 6abedd7919c4457604c0aa44529a6683

Package: MLmetrics
Source: CRAN
Version: 1.1.1
Hash: d8f98dea3c26faee9b451cf4d4a7a122
Requires: ROCR

Package: R6
Source: CRAN
Version: 2.2.2
Hash: b2366cd9d2f3851a5704b4e192b985c2

Package: RColorBrewer
Source: CRAN
Version: 1.1-2
Hash: c0d56cd15034f395874c870141870c25

Package: RCurl
Source: CRAN
Version: 1.95-4.11
Hash: 98b1b04db217dc56baca68aa34079fdd
Requires: bitops

Package: RInno
Source: CRAN
Version: 0.2.1
Hash: 26f8d7a9a65dcb2e57dbb98de2d3e92e
Requires: curl, glue, httr, installr, jsonlite, magrittr, rmarkdown,
    shiny, stringr

Package: ROCR
Source: CRAN
Version: 1.0-7
Hash: 086f78987ebf3c55b01013ee64a5e1e2
Requires: gplots

Package: RPostgreSQL
Source: CRAN
Version: 0.6-2
Hash: 3f9effd1b6b265ca9287546537bf5d96
Requires: DBI

Package: RSQLite
Source: CRAN
Version: 2.1.1
Hash: 5ce488773a12f7ac51adea6ba247624d
Requires: BH, DBI, Rcpp, bit64, blob, memoise, pkgconfig, plogr

Package: Rcpp
Source: CRAN
Version: 0.12.18
Hash: c80398774358bc105b9f91f7f7519d7a

Package: archivist
Source: CRAN
Version: 2.3.1
Hash: ffed8ac6d68e9410d56c7a61e822a272
Requires: DBI, RCurl, RSQLite, digest, flock, httr, lubridate, magrittr

Package: assertthat
Source: CRAN
Version: 0.2.0
Hash: e8805df54c65ac96d50235c44a82615c

Package: backports
Source: CRAN
Version: 1.1.2
Hash: 5ae7b3466e529e4400951ca18c137e40

Package: base64enc
Source: CRAN
Version: 0.1-3
Hash: c590d29e555926af053055e23ee79efb

Package: bindr
Source: CRAN
Version: 0.1.1
Hash: 76578c5f543a6ecbc1365d6445f9ebf7

Package: bindrcpp
Source: CRAN
Version: 0.2.2
Hash: d1189679aec436c9280c498e5d01eaa8
Requires: Rcpp, bindr, plogr

Package: bit
Source: CRAN
Version: 1.1-14
Hash: 704eb98fa9be263c95d00df4b2a448dd

Package: bit64
Source: CRAN
Version: 0.9-7
Hash: 4b195615d19ba49c114eb04e09e30a96
Requires: bit

Package: bitops
Source: CRAN
Version: 1.0-6
Hash: 67d0775189fd0041d95abca618c5c07e

Package: blob
Source: CRAN
Version: 1.1.1
Hash: 532700d8073e660dce40a984900bc647
Requires: prettyunits

Package: broom
Source: CRAN
Version: 0.5.0
Hash: 9f383b5f4632f82878222399b5fa7bbd
Requires: backports, dplyr, purrr, reshape2, stringr, tibble, tidyr

Package: caTools
Source: CRAN
Version: 1.17.1.1
Hash: 1764f9cb70825aa7a1c461e7514ffb73
Requires: bitops

Package: cli
Source: CRAN
Version: 1.0.0
Hash: f4239f89feb7ddc65821e4514e9734ae
Requires: assertthat, crayon

Package: colorspace
Source: CRAN
Version: 1.3-2
Hash: 0bf8618b585fa98eb23414cd3ab95118

Package: crayon
Source: CRAN
Version: 1.3.4
Hash: ff2840dd9b0d563fc80377a5a45510cd

Package: curl
Source: CRAN
Version: 3.2
Hash: e3318ec2d42d15a38485bab047d114ba

Package: data.table
Source: CRAN
Version: 1.11.4
Hash: d8736a5fe41e5ebef191c43f5e22652f

Package: devtools
Source: CRAN
Version: 1.13.6
Hash: 9a137acbaeb61f440b1c1dedc1fbcaec
Requires: digest, git2r, httr, jsonlite, memoise, rstudioapi, whisker,
    withr

Package: diffdf
Source: CRAN
Version: 1.0.1
Hash: e11d2c591fb047308237811677696ec0
Requires: tibble

Package: digest
Source: CRAN
Version: 0.6.17
Hash: 6bd8bf6c0430a024a994f2481c2d8516

Package: dplyr
Source: CRAN
Version: 0.7.6
Hash: c3ab15fec1303345fea300dfbc34d995
Requires: BH, R6, Rcpp, assertthat, bindrcpp, glue, magrittr,
    pkgconfig, plogr, rlang, tibble, tidyselect

Package: evaluate
Source: CRAN
Version: 0.11
Hash: 2d90e734f5c12a3473f4be8ef3c15ebb
Requires: stringr

Package: fansi
Source: CRAN
Version: 0.3.0
Hash: 8d0a24d8245abbfa2b030460734495ab

Package: flock
Source: CRAN
Version: 0.7
Hash: 18542bbb432710df1eddb83930dc99d4
Requires: Rcpp

Package: gdata
Source: CRAN
Version: 2.18.0
Hash: 62797fafa287d1845a014c615d46e50c
Requires: gtools

Package: ggplot2
Source: CRAN
Version: 3.0.0
Hash: 8332448b76ff31472a1bf6dd31fcddb1
Requires: digest, gtable, lazyeval, plyr, reshape2, rlang, scales,
    tibble, viridisLite, withr

Package: git2r
Source: CRAN
Version: 0.23.0
Hash: f7190a7a4b5c5f0983b4b6ee29ed7bc3

Package: glue
Source: CRAN
Version: 1.3.0
Hash: 1fbde6dec830370be696eee8ef31c9e4

Package: gplots
Source: CRAN
Version: 3.0.1
Hash: b7abe122479c203aa236499b7fc4b816
Requires: caTools, gdata, gtools

Package: gtable
Source: CRAN
Version: 0.2.0
Hash: cd78381a9d3fea966ac39bd0daaf5554

Package: gtools
Source: CRAN
Version: 3.8.1
Hash: 6cb09dd6faf3aeac5c5acae55bfa6495

Package: highr
Source: CRAN
Version: 0.7
Hash: 20757f5c393ed0ecf96c9e8e6d8d514c

Package: htmltools
Source: CRAN
Version: 0.3.6
Hash: 87bd72cdfc46f686bbd46b180cb5f0b5
Requires: Rcpp, digest

Package: httpuv
Source: CRAN
Version: 1.4.5
Hash: dc5eb6250b7b292593c6070ea8316187
Requires: BH, Rcpp, later, promises

Package: httr
Source: CRAN
Version: 1.3.1
Hash: 2d32e01e53d532c812052e27a1021441
Requires: R6, curl, jsonlite, mime, openssl

Package: installr
Source: CRAN
Version: 0.20.0
Hash: 6c1172e554ec71a62e71bb838a03c99e
Requires: stringr

Package: jsonlite
Source: CRAN
Version: 1.5
Hash: 9c51936d8dd00b2f1d4fe9d10499694c

Package: knitr
Source: CRAN
Version: 1.20
Hash: 9c6b215d1d02b97586c8232e94533e6a
Requires: evaluate, highr, markdown, stringr, yaml

Package: labeling
Source: CRAN
Version: 0.3
Hash: ecf589b42cd284b03a4beb9665482d3e

Package: later
Source: CRAN
Version: 0.7.4
Hash: 639840d5341c9e10be00a6e1c2554faf
Requires: BH, Rcpp, rlang

Package: lazyeval
Source: CRAN
Version: 0.2.1
Hash: 88926ad9c43581fd0822a37c8ed09f05

Package: logR
Source: github
Version: 2.1.5
Hash: d171f754b72acde061a929fd8aa934d5
Requires: DBI, RPostgreSQL, data.table
GithubRepo: logR
GithubUsername: jangorecki
GithubRef: master
GithubSha1: 71e8ec3a6a91171230f9cba81660d0332a1c674d
RemoteHost: https://api.github.com
RemoteRepo: logR
RemoteUsername: jangorecki
RemoteSha: 71e8ec3a6a91171230f9cba81660d0332a1c674d

Package: lubridate
Source: CRAN
Version: 1.7.4
Hash: 4a1a31b2e8377b4ba20e117d4a1b8b72
Requires: Rcpp, stringr

Package: magrittr
Source: CRAN
Version: 1.5
Hash: bdc4d48c3135e8f3b399536ddf160df4

Package: markdown
Source: CRAN
Version: 0.8
Hash: 045d7c594d503b41f1c28946d076c8aa
Requires: mime

Package: memoise
Source: CRAN
Version: 1.1.0
Hash: 410fcd334bc626db100237cc1370f2e9
Requires: digest

Package: mime
Source: CRAN
Version: 0.5
Hash: 463550cf44fb6f0a2359368f42eebe62

Package: munsell
Source: CRAN
Version: 0.5.0
Hash: 247d1c1d72f3072563912ef860758624
Requires: colorspace

Package: openssl
Source: CRAN
Version: 1.0.2
Hash: 12a42cbd5aecdb887782247856ccbafd

Package: pROC
Source: CRAN
Version: 1.12.1
Hash: dc2e2e6f067bdcaa34945e05f8a9c501
Requires: Rcpp, ggplot2, plyr

Package: packrat
Source: CRAN
Version: 0.4.9-3
Hash: 03fb817297975f1da0d1b774b47620b3

Package: pillar
Source: CRAN
Version: 1.3.0
Hash: 3e43f774fa6dfba877caca1aebbeaa6a
Requires: cli, crayon, fansi, rlang, utf8

Package: pkgconfig
Source: CRAN
Version: 2.0.2
Hash: b0fd6ed908e150b77e5f00c6478bd58c

Package: plogr
Source: CRAN
Version: 0.2.0
Hash: 81a8008a5e7858552503935f1abe48aa

Package: plyr
Source: CRAN
Version: 1.8.4
Hash: 05d65ee369a267f0d0c56604000c69b5
Requires: Rcpp

Package: prettyunits
Source: CRAN
Version: 1.0.2
Hash: 49286102a855640daaa38eafe8b1ec30
Requires: assertthat, magrittr

Package: promises
Source: CRAN
Version: 1.0.1
Hash: 2a8b28513de0474be7328a8396de2a9f
Requires: R6, Rcpp, later, magrittr, rlang

Package: purrr
Source: CRAN
Version: 0.2.5
Hash: 8b0c16db10c7e20b70cd37779a673a8b
Requires: magrittr, rlang, tibble

Package: reshape2
Source: CRAN
Version: 1.4.3
Hash: a08472524968be4e233b4c8d0ae5aef1
Requires: Rcpp, plyr, stringr

Package: rlang
Source: CRAN
Version: 0.2.2
Hash: 49b735b7b1d14f561d21cce12c6703df

Package: rmarkdown
Source: CRAN
Version: 1.10
Hash: 02f1aac33000c63986c6b5585e36e7ae
Requires: base64enc, evaluate, htmltools, jsonlite, knitr, mime,
    rprojroot, stringr, tinytex, yaml

Package: rprojroot
Source: CRAN
Version: 1.3-2
Hash: a25c3f70c166fb3fbabc410eb32b6366
Requires: backports

Package: rstudioapi
Source: CRAN
Version: 0.7
Hash: e2ebaff8160aff3e6b32e6e78a693c2d

Package: scales
Source: CRAN
Version: 1.0.0
Hash: 17b6945d25b9288cdf03f5e5005842dc
Requires: R6, RColorBrewer, Rcpp, labeling, munsell, viridisLite

Package: shiny
Source: CRAN
Version: 1.1.0
Hash: ab653b45dba6dc82eef68fb1e18a3b1a
Requires: R6, crayon, digest, htmltools, httpuv, jsonlite, later, mime,
    promises, rlang, sourcetools, xtable

Package: sourcetools
Source: CRAN
Version: 0.1.7
Hash: d093478ac90064e670cd4bf1a99b47b6

Package: stringi
Source: CRAN
Version: 1.1.7
Hash: d3dbb18da9a7b73a5b59416e33ad2cbd

Package: stringr
Source: CRAN
Version: 1.3.1
Hash: 9f417a1d899ed1f080942ab36998e8b5
Requires: glue, magrittr, stringi

Package: tibble
Source: CRAN
Version: 1.4.2
Hash: 83895360ce4f8d2ce92eee00526b5b0b
Requires: cli, crayon, pillar, rlang

Package: tidyr
Source: CRAN
Version: 0.8.1
Hash: ab27bbdbb8535215cbc0adad1d7001fe
Requires: Rcpp, dplyr, glue, magrittr, purrr, rlang, stringi, tibble,
    tidyselect

Package: tidyselect
Source: CRAN
Version: 0.2.4
Hash: 83708a870de7a4063e31f3f7f5a13f26
Requires: Rcpp, glue, purrr, rlang

Package: tinytex
Source: CRAN
Version: 0.8
Hash: bf76759350cd2bfec401d8861a61ad66
Requires: xfun

Package: utf8
Source: CRAN
Version: 1.1.4
Hash: f3f97ce59092abc8ed3fd098a59e236c

Package: viridisLite
Source: CRAN
Version: 0.3.0
Hash: 78bb072c4f9e729a283d4c40ec93f9c6

Package: whisker
Source: CRAN
Version: 0.3-2
Hash: 803d662762e532705c2c066a82d066e7

Package: withr
Source: CRAN
Version: 2.1.2
Hash: d534108bcd5f34ec73e9eb523751ba20

Package: xfun
Source: CRAN
Version: 0.3
Hash: 3b1cb5fdcfb96c88e3f9ab0239fbd048

Package: xtable
Source: CRAN
Version: 1.8-3
Hash: 857a3e7f33eac216c8d0d2fdbf0a3798

Package: yaml
Source: CRAN
Version: 2.2.0
Hash: a5ad5616d83d89f8d84cbf3cf4034e13

Package: yardstick
Source: CRAN
Version: 0.0.1
Hash: 0e8cc67f5ef275f09999465b262107aa
Requires: MLmetrics, broom, dplyr, pROC, rlang, tibble, tidyr,
    tidyselect
